# THIS IS AN AUTOGENERATED FILE. DO NOT EDIT THIS FILE DIRECTLY.
# yarn lockfile v1


fetch-polyfill@^0.8.2:
  version "0.8.2"
  resolved "https://registry.yarnpkg.com/fetch-polyfill/-/fetch-polyfill-0.8.2.tgz#3e1486442da5b53c43e66a6951eaa0fd5d23f1ac"

whatwg-fetch@^2.0.3:
  version "2.0.3"
  resolved "https://registry.yarnpkg.com/whatwg-fetch/-/whatwg-fetch-2.0.3.tgz#9c84ec2dcf68187ff00bc64e1274b442176e1c84"
